<Solution>
  <Folder Name="/src/">
    <Project Path="src/DevSecOpsPipelineSample.Api/DevSecOpsPipelineSample.Api.csproj" />
  </Folder>
  <Folder Name="/tests/">
    <Project Path="tests/DevSecOpsPipelineSample.UnitTests/DevSecOpsPipelineSample.UnitTests.csproj" />
    <Project Path="tests/DevSecOpsPipelineSample.EndToEndTests/DevSecOpsPipelineSample.EndToEndTests.csproj" />
  </Folder>
</Solution>
